hash: a96fa553d6b31a98237a3cf55d34ab9ed24abba177a3727855ae7106a8770ff6
updated: 2017-10-25T21:12:37.6318778+08:00
imports:
- name: github.com/astaxie/beego
  version: c5118e9535f237996bae7c7baebe4ed4247cb2c6
  subpackages:
  - config
  - context
  - context/param
  - grace
  - logs
  - orm
  - session
  - toolbox
  - utils
- name: github.com/go-sql-driver/mysql
  version: fade21009797158e7b79e04c340118a9220c6f9e
  subpackages:
  - dialects/mysql
- name: github.com/jinzhu/gorm
  version: 5174cc5c242a728b435ea2be8a2f7f998e15429b
  subpackages:
  - dialects/mysql
- name: github.com/jinzhu/inflection
  version: 1c35d901db3da928c72a72d8458480cc9ade058f
testImports: []
